
Microsoft Visual Studio Solution File, Format Version 12.00
# Visual Studio Version 16
VisualStudioVersion = 16.0.28729.10
MinimumVisualStudioVersion = 15.0.26124.0
Project("{9A19103F-16F7-4668-BE54-9A1E7A4F7556}") = "Core", "Core\Core.csproj", "{67479E98-B695-44F7-9AB6-823252122254}"
EndProject
Project("{9A19103F-16F7-4668-BE54-9A1E7A4F7556}") = "Api", "Api\Api.csproj", "{9A482554-1040-4BD2-BDB1-69F0BBAF0851}"
EndProject
Project("{9A19103F-16F7-4668-BE54-9A1E7A4F7556}") = "Test", "Test\Test.csproj", "{1ED96A1C-3C46-454A-BFC0-0DFF2AD06C5D}"
EndProject
Project("{FAE04EC0-301F-11D3-BF4B-00C04F79EFBC}") = "Infra", "Infra\Infra.csproj", "{C692D522-519E-48D3-9709-F901B7074DE0}"
EndProject
Project("{FAE04EC0-301F-11D3-BF4B-00C04F79EFBC}") = "Service", "Service\Service.csproj", "{D2B6DBA1-C07E-4100-8177-7871D49A0FB6}"
EndProject
Project("{FAE04EC0-301F-11D3-BF4B-00C04F79EFBC}") = "Bus", "Bus\Bus.csproj", "{76514D0E-7228-4C85-8A31-0699ECEB28DF}"
EndProject
Global
	GlobalSection(SolutionConfigurationPlatforms) = preSolution
		Debug|Any CPU = Debug|Any CPU
		Debug|x64 = Debug|x64
		Debug|x86 = Debug|x86
		Release|Any CPU = Release|Any CPU
		Release|x64 = Release|x64
		Release|x86 = Release|x86
	EndGlobalSection
	GlobalSection(ProjectConfigurationPlatforms) = postSolution
		{67479E98-B695-44F7-9AB6-823252122254}.Debug|Any CPU.ActiveCfg = Debug|Any CPU
		{67479E98-B695-44F7-9AB6-823252122254}.Debug|Any CPU.Build.0 = Debug|Any CPU
		{67479E98-B695-44F7-9AB6-823252122254}.Debug|x64.ActiveCfg = Debug|Any CPU
		{67479E98-B695-44F7-9AB6-823252122254}.Debug|x64.Build.0 = Debug|Any CPU
		{67479E98-B695-44F7-9AB6-823252122254}.Debug|x86.ActiveCfg = Debug|Any CPU
		{67479E98-B695-44F7-9AB6-823252122254}.Debug|x86.Build.0 = Debug|Any CPU
		{67479E98-B695-44F7-9AB6-823252122254}.Release|Any CPU.ActiveCfg = Release|Any CPU
		{67479E98-B695-44F7-9AB6-823252122254}.Release|Any CPU.Build.0 = Release|Any CPU
		{67479E98-B695-44F7-9AB6-823252122254}.Release|x64.ActiveCfg = Release|Any CPU
		{67479E98-B695-44F7-9AB6-823252122254}.Release|x64.Build.0 = Release|Any CPU
		{67479E98-B695-44F7-9AB6-823252122254}.Release|x86.ActiveCfg = Release|Any CPU
		{67479E98-B695-44F7-9AB6-823252122254}.Release|x86.Build.0 = Release|Any CPU
		{9A482554-1040-4BD2-BDB1-69F0BBAF0851}.Debug|Any CPU.ActiveCfg = Debug|Any CPU
		{9A482554-1040-4BD2-BDB1-69F0BBAF0851}.Debug|Any CPU.Build.0 = Debug|Any CPU
		{9A482554-1040-4BD2-BDB1-69F0BBAF0851}.Debug|x64.ActiveCfg = Debug|Any CPU
		{9A482554-1040-4BD2-BDB1-69F0BBAF0851}.Debug|x64.Build.0 = Debug|Any CPU
		{9A482554-1040-4BD2-BDB1-69F0BBAF0851}.Debug|x86.ActiveCfg = Debug|Any CPU
		{9A482554-1040-4BD2-BDB1-69F0BBAF0851}.Debug|x86.Build.0 = Debug|Any CPU
		{9A482554-1040-4BD2-BDB1-69F0BBAF0851}.Release|Any CPU.ActiveCfg = Release|Any CPU
		{9A482554-1040-4BD2-BDB1-69F0BBAF0851}.Release|Any CPU.Build.0 = Release|Any CPU
		{9A482554-1040-4BD2-BDB1-69F0BBAF0851}.Release|x64.ActiveCfg = Release|Any CPU
		{9A482554-1040-4BD2-BDB1-69F0BBAF0851}.Release|x64.Build.0 = Release|Any CPU
		{9A482554-1040-4BD2-BDB1-69F0BBAF0851}.Release|x86.ActiveCfg = Release|Any CPU
		{9A482554-1040-4BD2-BDB1-69F0BBAF0851}.Release|x86.Build.0 = Release|Any CPU
		{1ED96A1C-3C46-454A-BFC0-0DFF2AD06C5D}.Debug|Any CPU.ActiveCfg = Debug|Any CPU
		{1ED96A1C-3C46-454A-BFC0-0DFF2AD06C5D}.Debug|Any CPU.Build.0 = Debug|Any CPU
		{1ED96A1C-3C46-454A-BFC0-0DFF2AD06C5D}.Debug|x64.ActiveCfg = Debug|Any CPU
		{1ED96A1C-3C46-454A-BFC0-0DFF2AD06C5D}.Debug|x64.Build.0 = Debug|Any CPU
		{1ED96A1C-3C46-454A-BFC0-0DFF2AD06C5D}.Debug|x86.ActiveCfg = Debug|Any CPU
		{1ED96A1C-3C46-454A-BFC0-0DFF2AD06C5D}.Debug|x86.Build.0 = Debug|Any CPU
		{1ED96A1C-3C46-454A-BFC0-0DFF2AD06C5D}.Release|Any CPU.ActiveCfg = Release|Any CPU
		{1ED96A1C-3C46-454A-BFC0-0DFF2AD06C5D}.Release|Any CPU.Build.0 = Release|Any CPU
		{1ED96A1C-3C46-454A-BFC0-0DFF2AD06C5D}.Release|x64.ActiveCfg = Release|Any CPU
		{1ED96A1C-3C46-454A-BFC0-0DFF2AD06C5D}.Release|x64.Build.0 = Release|Any CPU
		{1ED96A1C-3C46-454A-BFC0-0DFF2AD06C5D}.Release|x86.ActiveCfg = Release|Any CPU
		{1ED96A1C-3C46-454A-BFC0-0DFF2AD06C5D}.Release|x86.Build.0 = Release|Any CPU
		{C692D522-519E-48D3-9709-F901B7074DE0}.Debug|Any CPU.ActiveCfg = Debug|Any CPU
		{C692D522-519E-48D3-9709-F901B7074DE0}.Debug|Any CPU.Build.0 = Debug|Any CPU
		{C692D522-519E-48D3-9709-F901B7074DE0}.Debug|x64.ActiveCfg = Debug|Any CPU
		{C692D522-519E-48D3-9709-F901B7074DE0}.Debug|x64.Build.0 = Debug|Any CPU
		{C692D522-519E-48D3-9709-F901B7074DE0}.Debug|x86.ActiveCfg = Debug|Any CPU
		{C692D522-519E-48D3-9709-F901B7074DE0}.Debug|x86.Build.0 = Debug|Any CPU
		{C692D522-519E-48D3-9709-F901B7074DE0}.Release|Any CPU.ActiveCfg = Release|Any CPU
		{C692D522-519E-48D3-9709-F901B7074DE0}.Release|Any CPU.Build.0 = Release|Any CPU
		{C692D522-519E-48D3-9709-F901B7074DE0}.Release|x64.ActiveCfg = Release|Any CPU
		{C692D522-519E-48D3-9709-F901B7074DE0}.Release|x64.Build.0 = Release|Any CPU
		{C692D522-519E-48D3-9709-F901B7074DE0}.Release|x86.ActiveCfg = Release|Any CPU
		{C692D522-519E-48D3-9709-F901B7074DE0}.Release|x86.Build.0 = Release|Any CPU
		{D2B6DBA1-C07E-4100-8177-7871D49A0FB6}.Debug|Any CPU.ActiveCfg = Debug|Any CPU
		{D2B6DBA1-C07E-4100-8177-7871D49A0FB6}.Debug|Any CPU.Build.0 = Debug|Any CPU
		{D2B6DBA1-C07E-4100-8177-7871D49A0FB6}.Debug|x64.ActiveCfg = Debug|Any CPU
		{D2B6DBA1-C07E-4100-8177-7871D49A0FB6}.Debug|x64.Build.0 = Debug|Any CPU
		{D2B6DBA1-C07E-4100-8177-7871D49A0FB6}.Debug|x86.ActiveCfg = Debug|Any CPU
		{D2B6DBA1-C07E-4100-8177-7871D49A0FB6}.Debug|x86.Build.0 = Debug|Any CPU
		{D2B6DBA1-C07E-4100-8177-7871D49A0FB6}.Release|Any CPU.ActiveCfg = Release|Any CPU
		{D2B6DBA1-C07E-4100-8177-7871D49A0FB6}.Release|Any CPU.Build.0 = Release|Any CPU
		{D2B6DBA1-C07E-4100-8177-7871D49A0FB6}.Release|x64.ActiveCfg = Release|Any CPU
		{D2B6DBA1-C07E-4100-8177-7871D49A0FB6}.Release|x64.Build.0 = Release|Any CPU
		{D2B6DBA1-C07E-4100-8177-7871D49A0FB6}.Release|x86.ActiveCfg = Release|Any CPU
		{D2B6DBA1-C07E-4100-8177-7871D49A0FB6}.Release|x86.Build.0 = Release|Any CPU
		{76514D0E-7228-4C85-8A31-0699ECEB28DF}.Debug|Any CPU.ActiveCfg = Debug|Any CPU
		{76514D0E-7228-4C85-8A31-0699ECEB28DF}.Debug|Any CPU.Build.0 = Debug|Any CPU
		{76514D0E-7228-4C85-8A31-0699ECEB28DF}.Debug|x64.ActiveCfg = Debug|Any CPU
		{76514D0E-7228-4C85-8A31-0699ECEB28DF}.Debug|x64.Build.0 = Debug|Any CPU
		{76514D0E-7228-4C85-8A31-0699ECEB28DF}.Debug|x86.ActiveCfg = Debug|Any CPU
		{76514D0E-7228-4C85-8A31-0699ECEB28DF}.Debug|x86.Build.0 = Debug|Any CPU
		{76514D0E-7228-4C85-8A31-0699ECEB28DF}.Release|Any CPU.ActiveCfg = Release|Any CPU
		{76514D0E-7228-4C85-8A31-0699ECEB28DF}.Release|Any CPU.Build.0 = Release|Any CPU
		{76514D0E-7228-4C85-8A31-0699ECEB28DF}.Release|x64.ActiveCfg = Release|Any CPU
		{76514D0E-7228-4C85-8A31-0699ECEB28DF}.Release|x64.Build.0 = Release|Any CPU
		{76514D0E-7228-4C85-8A31-0699ECEB28DF}.Release|x86.ActiveCfg = Release|Any CPU
		{76514D0E-7228-4C85-8A31-0699ECEB28DF}.Release|x86.Build.0 = Release|Any CPU
	EndGlobalSection
	GlobalSection(SolutionProperties) = preSolution
		HideSolutionNode = FALSE
	EndGlobalSection
	GlobalSection(ExtensibilityGlobals) = postSolution
		SolutionGuid = {9EAF8146-ABCA-4637-9DD2-085350CB1148}
	EndGlobalSection
EndGlobal
